
Microsoft Visual Studio Solution File, Format Version 12.00
# Visual Studio Version 17
VisualStudioVersion = 17.13.35806.99
MinimumVisualStudioVersion = 10.0.40219.1
Project("{FAE04EC0-301F-11D3-BF4B-00C04F79EFBC}") = "WS-Server", "WS-Server\WS-Server.csproj", "{4F24D5C0-BCA7-41A1-9995-656DD35835D6}"
EndProject
Project("{FAE04EC0-301F-11D3-BF4B-00C04F79EFBC}") = "WS-Client", "WS-Client\WS-Client.csproj", "{17E0B661-F04B-4EDF-B245-92B834B21AD2}"
EndProject
Global
	GlobalSection(SolutionConfigurationPlatforms) = preSolution
		Debug|Any CPU = Debug|Any CPU
		Release|Any CPU = Release|Any CPU
	EndGlobalSection
	GlobalSection(ProjectConfigurationPlatforms) = postSolution
		{4F24D5C0-BCA7-41A1-9995-656DD35835D6}.Debug|Any CPU.ActiveCfg = Debug|Any CPU
		{4F24D5C0-BCA7-41A1-9995-656DD35835D6}.Debug|Any CPU.Build.0 = Debug|Any CPU
		{4F24D5C0-BCA7-41A1-9995-656DD35835D6}.Release|Any CPU.ActiveCfg = Release|Any CPU
		{4F24D5C0-BCA7-41A1-9995-656DD35835D6}.Release|Any CPU.Build.0 = Release|Any CPU
		{17E0B661-F04B-4EDF-B245-92B834B21AD2}.Debug|Any CPU.ActiveCfg = Debug|Any CPU
		{17E0B661-F04B-4EDF-B245-92B834B21AD2}.Debug|Any CPU.Build.0 = Debug|Any CPU
		{17E0B661-F04B-4EDF-B245-92B834B21AD2}.Release|Any CPU.ActiveCfg = Release|Any CPU
		{17E0B661-F04B-4EDF-B245-92B834B21AD2}.Release|Any CPU.Build.0 = Release|Any CPU
	EndGlobalSection
	GlobalSection(SolutionProperties) = preSolution
		HideSolutionNode = FALSE
	EndGlobalSection
	GlobalSection(ExtensibilityGlobals) = postSolution
		SolutionGuid = {566C8E51-FBE9-40B2-8D40-846A320B9D82}
	EndGlobalSection
EndGlobal
